
Microsoft Visual Studio Solution File, Format Version 12.00
# Visual Studio 15
VisualStudioVersion = 15.0.28010.2016
MinimumVisualStudioVersion = 10.0.40219.1
Project("{FAE04EC0-301F-11D3-BF4B-00C04F79EFBC}") = "Drugi zadatak - II level", "Drugi zadatak - II level\Drugi zadatak - II level.csproj", "{D2AE9929-4DE8-45CB-8065-F4A73071463B}"
EndProject
Project("{FAE04EC0-301F-11D3-BF4B-00C04F79EFBC}") = "PoslovnaLogika", "PoslovnaLogika\PoslovnaLogika.csproj", "{569BCC1D-0E54-4C36-B287-F6B0824AA39F}"
EndProject
Global
	GlobalSection(SolutionConfigurationPlatforms) = preSolution
		Debug|Any CPU = Debug|Any CPU
		Debug|ARM = Debug|ARM
		Debug|x64 = Debug|x64
		Debug|x86 = Debug|x86
		Release|Any CPU = Release|Any CPU
		Release|ARM = Release|ARM
		Release|x64 = Release|x64
		Release|x86 = Release|x86
	EndGlobalSection
	GlobalSection(ProjectConfigurationPlatforms) = postSolution
		{D2AE9929-4DE8-45CB-8065-F4A73071463B}.Debug|Any CPU.ActiveCfg = Debug|Any CPU
		{D2AE9929-4DE8-45CB-8065-F4A73071463B}.Debug|Any CPU.Build.0 = Debug|Any CPU
		{D2AE9929-4DE8-45CB-8065-F4A73071463B}.Debug|ARM.ActiveCfg = Debug|Any CPU
		{D2AE9929-4DE8-45CB-8065-F4A73071463B}.Debug|ARM.Build.0 = Debug|Any CPU
		{D2AE9929-4DE8-45CB-8065-F4A73071463B}.Debug|x64.ActiveCfg = Debug|Any CPU
		{D2AE9929-4DE8-45CB-8065-F4A73071463B}.Debug|x64.Build.0 = Debug|Any CPU
		{D2AE9929-4DE8-45CB-8065-F4A73071463B}.Debug|x86.ActiveCfg = Debug|Any CPU
		{D2AE9929-4DE8-45CB-8065-F4A73071463B}.Debug|x86.Build.0 = Debug|Any CPU
		{D2AE9929-4DE8-45CB-8065-F4A73071463B}.Release|Any CPU.ActiveCfg = Release|Any CPU
		{D2AE9929-4DE8-45CB-8065-F4A73071463B}.Release|Any CPU.Build.0 = Release|Any CPU
		{D2AE9929-4DE8-45CB-8065-F4A73071463B}.Release|ARM.ActiveCfg = Release|Any CPU
		{D2AE9929-4DE8-45CB-8065-F4A73071463B}.Release|ARM.Build.0 = Release|Any CPU
		{D2AE9929-4DE8-45CB-8065-F4A73071463B}.Release|x64.ActiveCfg = Release|Any CPU
		{D2AE9929-4DE8-45CB-8065-F4A73071463B}.Release|x64.Build.0 = Release|Any CPU
		{D2AE9929-4DE8-45CB-8065-F4A73071463B}.Release|x86.ActiveCfg = Release|Any CPU
		{D2AE9929-4DE8-45CB-8065-F4A73071463B}.Release|x86.Build.0 = Release|Any CPU
		{569BCC1D-0E54-4C36-B287-F6B0824AA39F}.Debug|Any CPU.ActiveCfg = Debug|Any CPU
		{569BCC1D-0E54-4C36-B287-F6B0824AA39F}.Debug|Any CPU.Build.0 = Debug|Any CPU
		{569BCC1D-0E54-4C36-B287-F6B0824AA39F}.Debug|ARM.ActiveCfg = Debug|Any CPU
		{569BCC1D-0E54-4C36-B287-F6B0824AA39F}.Debug|ARM.Build.0 = Debug|Any CPU
		{569BCC1D-0E54-4C36-B287-F6B0824AA39F}.Debug|x64.ActiveCfg = Debug|Any CPU
		{569BCC1D-0E54-4C36-B287-F6B0824AA39F}.Debug|x64.Build.0 = Debug|Any CPU
		{569BCC1D-0E54-4C36-B287-F6B0824AA39F}.Debug|x86.ActiveCfg = Debug|Any CPU
		{569BCC1D-0E54-4C36-B287-F6B0824AA39F}.Debug|x86.Build.0 = Debug|Any CPU
		{569BCC1D-0E54-4C36-B287-F6B0824AA39F}.Release|Any CPU.ActiveCfg = Release|Any CPU
		{569BCC1D-0E54-4C36-B287-F6B0824AA39F}.Release|Any CPU.Build.0 = Release|Any CPU
		{569BCC1D-0E54-4C36-B287-F6B0824AA39F}.Release|ARM.ActiveCfg = Release|Any CPU
		{569BCC1D-0E54-4C36-B287-F6B0824AA39F}.Release|ARM.Build.0 = Release|Any CPU
		{569BCC1D-0E54-4C36-B287-F6B0824AA39F}.Release|x64.ActiveCfg = Release|Any CPU
		{569BCC1D-0E54-4C36-B287-F6B0824AA39F}.Release|x64.Build.0 = Release|Any CPU
		{569BCC1D-0E54-4C36-B287-F6B0824AA39F}.Release|x86.ActiveCfg = Release|Any CPU
		{569BCC1D-0E54-4C36-B287-F6B0824AA39F}.Release|x86.Build.0 = Release|Any CPU
	EndGlobalSection
	GlobalSection(SolutionProperties) = preSolution
		HideSolutionNode = FALSE
	EndGlobalSection
	GlobalSection(ExtensibilityGlobals) = postSolution
		SolutionGuid = {3CFF729D-EED1-4A00-A3EE-F42D20067973}
	EndGlobalSection
EndGlobal
